
Microsoft Visual Studio Solution File, Format Version 12.00
# Visual Studio 15
VisualStudioVersion = 15.0.27428.2037
MinimumVisualStudioVersion = 10.0.40219.1
Project("{FAE04EC0-301F-11D3-BF4B-00C04F79EFBC}") = "RPG Bot", "RPG Bot\RPG Bot.csproj", "{94819509-13A6-42FF-BA20-31CA8D0598C3}"
EndProject
Project("{FAE04EC0-301F-11D3-BF4B-00C04F79EFBC}") = "RPG Bot Tests", "RPG Bot Tests\RPG Bot Tests.csproj", "{8532A8E8-4132-401C-A785-9AD3623E6361}"
EndProject
Global
	GlobalSection(SolutionConfigurationPlatforms) = preSolution
		Debug|Any CPU = Debug|Any CPU
		Release|Any CPU = Release|Any CPU
	EndGlobalSection
	GlobalSection(ProjectConfigurationPlatforms) = postSolution
		{94819509-13A6-42FF-BA20-31CA8D0598C3}.Debug|Any CPU.ActiveCfg = Debug|Any CPU
		{94819509-13A6-42FF-BA20-31CA8D0598C3}.Debug|Any CPU.Build.0 = Debug|Any CPU
		{94819509-13A6-42FF-BA20-31CA8D0598C3}.Release|Any CPU.ActiveCfg = Release|Any CPU
		{94819509-13A6-42FF-BA20-31CA8D0598C3}.Release|Any CPU.Build.0 = Release|Any CPU
		{8532A8E8-4132-401C-A785-9AD3623E6361}.Debug|Any CPU.ActiveCfg = Debug|Any CPU
		{8532A8E8-4132-401C-A785-9AD3623E6361}.Debug|Any CPU.Build.0 = Debug|Any CPU
		{8532A8E8-4132-401C-A785-9AD3623E6361}.Release|Any CPU.ActiveCfg = Release|Any CPU
		{8532A8E8-4132-401C-A785-9AD3623E6361}.Release|Any CPU.Build.0 = Release|Any CPU
	EndGlobalSection
	GlobalSection(SolutionProperties) = preSolution
		HideSolutionNode = FALSE
	EndGlobalSection
	GlobalSection(ExtensibilityGlobals) = postSolution
		SolutionGuid = {D26FC630-900E-4522-82DC-2EE81DFDFA58}
	EndGlobalSection
EndGlobal
